// !$*UTF8*$!
{
	archiveVersion = 1;
	classes = {
	};
	objectVersion = 50;
	objects = {

/* Begin PBXBuildFile section */
		A478D4C022F476530066C2B1 /* HeaderView.swift in Sources */ = {isa = PBXBuildFile; fileRef = A478D4BF22F476530066C2B1 /* HeaderView.swift */; };
		A478D4C422F48FE90066C2B1 /* InformationView.swift in Sources */ = {isa = PBXBuildFile; fileRef = A478D4C322F48FE90066C2B1 /* InformationView.swift */; };
		A48330CA22F95173006A081D /* NSColor+ZeplinColorPicker.swift in Sources */ = {isa = PBXBuildFile; fileRef = A48330C922F95173006A081D /* NSColor+ZeplinColorPicker.swift */; };
		A48330D122F97529006A081D /* Bundle+ZeplinColorPicker.swift in Sources */ = {isa = PBXBuildFile; fileRef = A48330D022F97529006A081D /* Bundle+ZeplinColorPicker.swift */; };
		A48330D422F984E6006A081D /* textureColor@2x.png in Resources */ = {isa = PBXBuildFile; fileRef = A48330D222F984E6006A081D /* textureColor@2x.png */; };
		A48330D522F984E6006A081D /* textureColor.png in Resources */ = {isa = PBXBuildFile; fileRef = A48330D322F984E6006A081D /* textureColor.png */; };
		A48330D922FD9BF8006A081D /* logoZeplin.pdf in Resources */ = {isa = PBXBuildFile; fileRef = A48330D822FD9BF8006A081D /* logoZeplin.pdf */; };
		A488BE8B22F33A3300A06F1E /* ColorPicker.swift in Sources */ = {isa = PBXBuildFile; fileRef = A488BE8A22F33A3300A06F1E /* ColorPicker.swift */; };
		A488BE8D22F33B9D00A06F1E /* ColorPickerViewController.swift in Sources */ = {isa = PBXBuildFile; fileRef = A488BE8C22F33B9D00A06F1E /* ColorPickerViewController.swift */; };
		A488BE9222F3408900A06F1E /* Color.swift in Sources */ = {isa = PBXBuildFile; fileRef = A488BE9122F3408900A06F1E /* Color.swift */; };
		A488BE9422F3435B00A06F1E /* Contents.swift in Sources */ = {isa = PBXBuildFile; fileRef = A488BE9322F3435B00A06F1E /* Contents.swift */; };
		A488BE9722F44D0600A06F1E /* ColorCell.swift in Sources */ = {isa = PBXBuildFile; fileRef = A488BE9622F44D0600A06F1E /* ColorCell.swift */; };
		A488BE9C22F46DE500A06F1E /* pickerIcon.tiff in Resources */ = {isa = PBXBuildFile; fileRef = A488BE9A22F46DE500A06F1E /* pickerIcon.tiff */; };
/* End PBXBuildFile section */

/* Begin PBXFileReference section */
		A478D4BF22F476530066C2B1 /* HeaderView.swift */ = {isa = PBXFileReference; lastKnownFileType = sourcecode.swift; path = HeaderView.swift; sourceTree = "<group>"; };
		A478D4C322F48FE90066C2B1 /* InformationView.swift */ = {isa = PBXFileReference; lastKnownFileType = sourcecode.swift; path = InformationView.swift; sourceTree = "<group>"; };
		A48330C922F95173006A081D /* NSColor+ZeplinColorPicker.swift */ = {isa = PBXFileReference; lastKnownFileType = sourcecode.swift; path = "NSColor+ZeplinColorPicker.swift"; sourceTree = "<group>"; };
		A48330D022F97529006A081D /* Bundle+ZeplinColorPicker.swift */ = {isa = PBXFileReference; lastKnownFileType = sourcecode.swift; path = "Bundle+ZeplinColorPicker.swift"; sourceTree = "<group>"; };
		A48330D222F984E6006A081D /* textureColor@2x.png */ = {isa = PBXFileReference; lastKnownFileType = image.png; path = "textureColor@2x.png"; sourceTree = "<group>"; };
		A48330D322F984E6006A081D /* textureColor.png */ = {isa = PBXFileReference; lastKnownFileType = image.png; path = textureColor.png; sourceTree = "<group>"; };
		A48330D822FD9BF8006A081D /* logoZeplin.pdf */ = {isa = PBXFileReference; lastKnownFileType = image.pdf; path = logoZeplin.pdf; sourceTree = "<group>"; };
		A488BE8122F2FCD300A06F1E /* ZeplinColorPicker.colorPicker */ = {isa = PBXFileReference; explicitFileType = wrapper.cfbundle; includeInIndex = 0; path = ZeplinColorPicker.colorPicker; sourceTree = BUILT_PRODUCTS_DIR; };
		A488BE8422F2FCD300A06F1E /* Info.plist */ = {isa = PBXFileReference; lastKnownFileType = text.plist.xml; path = Info.plist; sourceTree = "<group>"; };
		A488BE8A22F33A3300A06F1E /* ColorPicker.swift */ = {isa = PBXFileReference; lastKnownFileType = sourcecode.swift; path = ColorPicker.swift; sourceTree = "<group>"; };
		A488BE8C22F33B9D00A06F1E /* ColorPickerViewController.swift */ = {isa = PBXFileReference; lastKnownFileType = sourcecode.swift; path = ColorPickerViewController.swift; sourceTree = "<group>"; };
		A488BE9122F3408900A06F1E /* Color.swift */ = {isa = PBXFileReference; lastKnownFileType = sourcecode.swift; path = Color.swift; sourceTree = "<group>"; };
		A488BE9322F3435B00A06F1E /* Contents.swift */ = {isa = PBXFileReference; lastKnownFileType = sourcecode.swift; path = Contents.swift; sourceTree = "<group>"; };
		A488BE9622F44D0600A06F1E /* ColorCell.swift */ = {isa = PBXFileReference; lastKnownFileType = sourcecode.swift; path = ColorCell.swift; sourceTree = "<group>"; };
		A488BE9A22F46DE500A06F1E /* pickerIcon.tiff */ = {isa = PBXFileReference; lastKnownFileType = image.tiff; path = pickerIcon.tiff; sourceTree = "<group>"; };
/* End PBXFileReference section */

/* Begin PBXFrameworksBuildPhase section */
		A488BE7E22F2FCD300A06F1E /* Frameworks */ = {
			isa = PBXFrameworksBuildPhase;
			buildActionMask = 2147483647;
			files = (
			);
			runOnlyForDeploymentPostprocessing = 0;
		};
/* End PBXFrameworksBuildPhase section */

/* Begin PBXGroup section */
		A48330CB22F9518A006A081D /* Extensions */ = {
			isa = PBXGroup;
			children = (
				A48330D022F97529006A081D /* Bundle+ZeplinColorPicker.swift */,
				A48330C922F95173006A081D /* NSColor+ZeplinColorPicker.swift */,
			);
			path = Extensions;
			sourceTree = "<group>";
		};
		A488BE7822F2FCD300A06F1E = {
			isa = PBXGroup;
			children = (
				A488BE8322F2FCD300A06F1E /* ZeplinColorPicker */,
				A488BE8222F2FCD300A06F1E /* Products */,
			);
			sourceTree = "<group>";
		};
		A488BE8222F2FCD300A06F1E /* Products */ = {
			isa = PBXGroup;
			children = (
				A488BE8122F2FCD300A06F1E /* ZeplinColorPicker.colorPicker */,
			);
			name = Products;
			sourceTree = "<group>";
		};
		A488BE8322F2FCD300A06F1E /* ZeplinColorPicker */ = {
			isa = PBXGroup;
			children = (
				A488BE8A22F33A3300A06F1E /* ColorPicker.swift */,
				A488BE8E22F33F7F00A06F1E /* Controllers */,
				A48330CB22F9518A006A081D /* Extensions */,
				A488BE9022F3404200A06F1E /* Models */,
				A488BE9522F44CE500A06F1E /* Views */,
				A488BE9822F46DC700A06F1E /* Resources */,
				A488BE8422F2FCD300A06F1E /* Info.plist */,
			);
			path = ZeplinColorPicker;
			sourceTree = "<group>";
		};
		A488BE8E22F33F7F00A06F1E /* Controllers */ = {
			isa = PBXGroup;
			children = (
				A488BE8C22F33B9D00A06F1E /* ColorPickerViewController.swift */,
			);
			path = Controllers;
			sourceTree = "<group>";
		};
		A488BE9022F3404200A06F1E /* Models */ = {
			isa = PBXGroup;
			children = (
				A488BE9122F3408900A06F1E /* Color.swift */,
				A488BE9322F3435B00A06F1E /* Contents.swift */,
			);
			path = Models;
			sourceTree = "<group>";
		};
		A488BE9522F44CE500A06F1E /* Views */ = {
			isa = PBXGroup;
			children = (
				A488BE9622F44D0600A06F1E /* ColorCell.swift */,
				A478D4BF22F476530066C2B1 /* HeaderView.swift */,
				A478D4C322F48FE90066C2B1 /* InformationView.swift */,
			);
			path = Views;
			sourceTree = "<group>";
		};
		A488BE9822F46DC700A06F1E /* Resources */ = {
			isa = PBXGroup;
			children = (
				A488BE9A22F46DE500A06F1E /* pickerIcon.tiff */,
				A48330D822FD9BF8006A081D /* logoZeplin.pdf */,
				A48330D322F984E6006A081D /* textureColor.png */,
				A48330D222F984E6006A081D /* textureColor@2x.png */,
			);
			path = Resources;
			sourceTree = "<group>";
		};
/* End PBXGroup section */

/* Begin PBXNativeTarget section */
		A488BE8022F2FCD300A06F1E /* ZeplinColorPicker */ = {
			isa = PBXNativeTarget;
			buildConfigurationList = A488BE8722F2FCD300A06F1E /* Build configuration list for PBXNativeTarget "ZeplinColorPicker" */;
			buildPhases = (
				A488BE7D22F2FCD300A06F1E /* Sources */,
				A488BE7E22F2FCD300A06F1E /* Frameworks */,
				A488BE7F22F2FCD300A06F1E /* Resources */,
				A4C35D962320FDF6003138C6 /* Run SwiftLint */,
			);
			buildRules = (
			);
			dependencies = (
			);
			name = ZeplinColorPicker;
			productName = ZeplinColorPicker;
			productReference = A488BE8122F2FCD300A06F1E /* ZeplinColorPicker.colorPicker */;
			productType = "com.apple.product-type.bundle";
		};
/* End PBXNativeTarget section */

/* Begin PBXProject section */
		A488BE7922F2FCD300A06F1E /* Project object */ = {
			isa = PBXProject;
			attributes = {
				LastUpgradeCheck = 1030;
				ORGANIZATIONNAME = Zeplin;
				TargetAttributes = {
					A488BE8022F2FCD300A06F1E = {
						CreatedOnToolsVersion = 10.2.1;
						LastSwiftMigration = 1020;
					};
				};
			};
			buildConfigurationList = A488BE7C22F2FCD300A06F1E /* Build configuration list for PBXProject "ZeplinColorPicker" */;
			compatibilityVersion = "Xcode 9.3";
			developmentRegion = en;
			hasScannedForEncodings = 0;
			knownRegions = (
				en,
				Base,
			);
			mainGroup = A488BE7822F2FCD300A06F1E;
			productRefGroup = A488BE8222F2FCD300A06F1E /* Products */;
			projectDirPath = "";
			projectRoot = "";
			targets = (
				A488BE8022F2FCD300A06F1E /* ZeplinColorPicker */,
			);
		};
/* End PBXProject section */

/* Begin PBXResourcesBuildPhase section */
		A488BE7F22F2FCD300A06F1E /* Resources */ = {
			isa = PBXResourcesBuildPhase;
			buildActionMask = 2147483647;
			files = (
				A488BE9C22F46DE500A06F1E /* pickerIcon.tiff in Resources */,
				A48330D422F984E6006A081D /* textureColor@2x.png in Resources */,
				A48330D522F984E6006A081D /* textureColor.png in Resources */,
				A48330D922FD9BF8006A081D /* logoZeplin.pdf in Resources */,
			);
			runOnlyForDeploymentPostprocessing = 0;
		};
/* End PBXResourcesBuildPhase section */

/* Begin PBXShellScriptBuildPhase section */
		A4C35D962320FDF6003138C6 /* Run SwiftLint */ = {
			isa = PBXShellScriptBuildPhase;
			buildActionMask = 2147483647;
			files = (
			);
			inputFileListPaths = (
			);
			inputPaths = (
			);
			name = "Run SwiftLint";
			outputFileListPaths = (
			);
			outputPaths = (
			);
			runOnlyForDeploymentPostprocessing = 0;
			shellPath = /bin/sh;
			shellScript = "if which swiftlint >/dev/null; then\n    swiftlint\nelse\n    echo \"warning: SwiftLint not installed, download from https://github.com/realm/SwiftLint\"\n    exit 1\nfi\n";
		};
/* End PBXShellScriptBuildPhase section */

/* Begin PBXSourcesBuildPhase section */
		A488BE7D22F2FCD300A06F1E /* Sources */ = {
			isa = PBXSourcesBuildPhase;
			buildActionMask = 2147483647;
			files = (
				A488BE9722F44D0600A06F1E /* ColorCell.swift in Sources */,
				A48330CA22F95173006A081D /* NSColor+ZeplinColorPicker.swift in Sources */,
				A488BE8D22F33B9D00A06F1E /* ColorPickerViewController.swift in Sources */,
				A488BE8B22F33A3300A06F1E /* ColorPicker.swift in Sources */,
				A488BE9222F3408900A06F1E /* Color.swift in Sources */,
				A478D4C022F476530066C2B1 /* HeaderView.swift in Sources */,
				A478D4C422F48FE90066C2B1 /* InformationView.swift in Sources */,
				A488BE9422F3435B00A06F1E /* Contents.swift in Sources */,
				A48330D122F97529006A081D /* Bundle+ZeplinColorPicker.swift in Sources */,
			);
			runOnlyForDeploymentPostprocessing = 0;
		};
/* End PBXSourcesBuildPhase section */

/* Begin XCBuildConfiguration section */
		A488BE8522F2FCD300A06F1E /* Debug */ = {
			isa = XCBuildConfiguration;
			buildSettings = {
				ALWAYS_SEARCH_USER_PATHS = NO;
				CLANG_ANALYZER_NONNULL = YES;
				CLANG_ANALYZER_NUMBER_OBJECT_CONVERSION = YES_AGGRESSIVE;
				CLANG_CXX_LANGUAGE_STANDARD = "gnu++14";
				CLANG_CXX_LIBRARY = "libc++";
				CLANG_ENABLE_MODULES = YES;
				CLANG_ENABLE_OBJC_ARC = YES;
				CLANG_ENABLE_OBJC_WEAK = YES;
				CLANG_WARN_BLOCK_CAPTURE_AUTORELEASING = YES;
				CLANG_WARN_BOOL_CONVERSION = YES;
				CLANG_WARN_COMMA = YES;
				CLANG_WARN_CONSTANT_CONVERSION = YES;
				CLANG_WARN_DEPRECATED_OBJC_IMPLEMENTATIONS = YES;
				CLANG_WARN_DIRECT_OBJC_ISA_USAGE = YES_ERROR;
				CLANG_WARN_DOCUMENTATION_COMMENTS = YES;
				CLANG_WARN_EMPTY_BODY = YES;
				CLANG_WARN_ENUM_CONVERSION = YES;
				CLANG_WARN_INFINITE_RECURSION = YES;
				CLANG_WARN_INT_CONVERSION = YES;
				CLANG_WARN_NON_LITERAL_NULL_CONVERSION = YES;
				CLANG_WARN_OBJC_IMPLICIT_RETAIN_SELF = YES;
				CLANG_WARN_OBJC_LITERAL_CONVERSION = YES;
				CLANG_WARN_OBJC_ROOT_CLASS = YES_ERROR;
				CLANG_WARN_RANGE_LOOP_ANALYSIS = YES;
				CLANG_WARN_STRICT_PROTOTYPES = YES;
				CLANG_WARN_SUSPICIOUS_MOVE = YES;
				CLANG_WARN_UNGUARDED_AVAILABILITY = YES_AGGRESSIVE;
				CLANG_WARN_UNREACHABLE_CODE = YES;
				CLANG_WARN__DUPLICATE_METHOD_MATCH = YES;
				CODE_SIGN_IDENTITY = "Mac Developer";
				COPY_PHASE_STRIP = NO;
				DEBUG_INFORMATION_FORMAT = dwarf;
				ENABLE_STRICT_OBJC_MSGSEND = YES;
				ENABLE_TESTABILITY = YES;
				GCC_C_LANGUAGE_STANDARD = gnu11;
				GCC_DYNAMIC_NO_PIC = NO;
				GCC_NO_COMMON_BLOCKS = YES;
				GCC_OPTIMIZATION_LEVEL = 0;
				GCC_PREPROCESSOR_DEFINITIONS = (
					"DEBUG=1",
					"$(inherited)",
				);
				GCC_WARN_64_TO_32_BIT_CONVERSION = YES;
				GCC_WARN_ABOUT_RETURN_TYPE = YES_ERROR;
				GCC_WARN_UNDECLARED_SELECTOR = YES;
				GCC_WARN_UNINITIALIZED_AUTOS = YES_AGGRESSIVE;
				GCC_WARN_UNUSED_FUNCTION = YES;
				GCC_WARN_UNUSED_VARIABLE = YES;
				MACOSX_DEPLOYMENT_TARGET = 10.14;
				MTL_ENABLE_DEBUG_INFO = INCLUDE_SOURCE;
				MTL_FAST_MATH = YES;
				ONLY_ACTIVE_ARCH = YES;
				SDKROOT = macosx;
			};
			name = Debug;
		};
		A488BE8622F2FCD300A06F1E /* Release */ = {
			isa = XCBuildConfiguration;
			buildSettings = {
				ALWAYS_SEARCH_USER_PATHS = NO;
				CLANG_ANALYZER_NONNULL = YES;
				CLANG_ANALYZER_NUMBER_OBJECT_CONVERSION = YES_AGGRESSIVE;
				CLANG_CXX_LANGUAGE_STANDARD = "gnu++14";
				CLANG_CXX_LIBRARY = "libc++";
				CLANG_ENABLE_MODULES = YES;
				CLANG_ENABLE_OBJC_ARC = YES;
				CLANG_ENABLE_OBJC_WEAK = YES;
				CLANG_WARN_BLOCK_CAPTURE_AUTORELEASING = YES;
				CLANG_WARN_BOOL_CONVERSION = YES;
				CLANG_WARN_COMMA = YES;
				CLANG_WARN_CONSTANT_CONVERSION = YES;
				CLANG_WARN_DEPRECATED_OBJC_IMPLEMENTATIONS = YES;
				CLANG_WARN_DIRECT_OBJC_ISA_USAGE = YES_ERROR;
				CLANG_WARN_DOCUMENTATION_COMMENTS = YES;
				CLANG_WARN_EMPTY_BODY = YES;
				CLANG_WARN_ENUM_CONVERSION = YES;
				CLANG_WARN_INFINITE_RECURSION = YES;
				CLANG_WARN_INT_CONVERSION = YES;
				CLANG_WARN_NON_LITERAL_NULL_CONVERSION = YES;
				CLANG_WARN_OBJC_IMPLICIT_RETAIN_SELF = YES;
				CLANG_WARN_OBJC_LITERAL_CONVERSION = YES;
				CLANG_WARN_OBJC_ROOT_CLASS = YES_ERROR;
				CLANG_WARN_RANGE_LOOP_ANALYSIS = YES;
				CLANG_WARN_STRICT_PROTOTYPES = YES;
				CLANG_WARN_SUSPICIOUS_MOVE = YES;
				CLANG_WARN_UNGUARDED_AVAILABILITY = YES_AGGRESSIVE;
				CLANG_WARN_UNREACHABLE_CODE = YES;
				CLANG_WARN__DUPLICATE_METHOD_MATCH = YES;
				CODE_SIGN_IDENTITY = "Mac Developer";
				COPY_PHASE_STRIP = NO;
				DEBUG_INFORMATION_FORMAT = "dwarf-with-dsym";
				ENABLE_NS_ASSERTIONS = NO;
				ENABLE_STRICT_OBJC_MSGSEND = YES;
				GCC_C_LANGUAGE_STANDARD = gnu11;
				GCC_NO_COMMON_BLOCKS = YES;
				GCC_WARN_64_TO_32_BIT_CONVERSION = YES;
				GCC_WARN_ABOUT_RETURN_TYPE = YES_ERROR;
				GCC_WARN_UNDECLARED_SELECTOR = YES;
				GCC_WARN_UNINITIALIZED_AUTOS = YES_AGGRESSIVE;
				GCC_WARN_UNUSED_FUNCTION = YES;
				GCC_WARN_UNUSED_VARIABLE = YES;
				MACOSX_DEPLOYMENT_TARGET = 10.14;
				MTL_ENABLE_DEBUG_INFO = NO;
				MTL_FAST_MATH = YES;
				SDKROOT = macosx;
				SWIFT_COMPILATION_MODE = wholemodule;
			};
			name = Release;
		};
		A488BE8822F2FCD300A06F1E /* Debug */ = {
			isa = XCBuildConfiguration;
			buildSettings = {
				ALWAYS_EMBED_SWIFT_STANDARD_LIBRARIES = NO;
				CLANG_ENABLE_MODULES = YES;
				CODE_SIGN_IDENTITY = "Developer ID Application";
				CODE_SIGN_STYLE = Manual;
				COMBINE_HIDPI_IMAGES = YES;
				DEVELOPMENT_TEAM = 8U3Y4X5WDQ;
				INFOPLIST_FILE = ZeplinColorPicker/Info.plist;
				INSTALL_PATH = "$(LOCAL_LIBRARY_DIR)/Bundles";
				LD_RUNPATH_SEARCH_PATHS = (
					"$(inherited)",
					"@executable_path/../Frameworks",
					"@loader_path/../Frameworks",
				);
				MACOSX_DEPLOYMENT_TARGET = 10.12;
				PRODUCT_BUNDLE_IDENTIFIER = io.zeplin.osx.colorPicker;
				PRODUCT_NAME = "$(TARGET_NAME)";
				PROVISIONING_PROFILE_SPECIFIER = "";
				SKIP_INSTALL = YES;
				SWIFT_OPTIMIZATION_LEVEL = "-Onone";
				SWIFT_VERSION = 5.0;
				WRAPPER_EXTENSION = colorPicker;
			};
			name = Debug;
		};
		A488BE8922F2FCD300A06F1E /* Release */ = {
			isa = XCBuildConfiguration;
			buildSettings = {
				ALWAYS_EMBED_SWIFT_STANDARD_LIBRARIES = NO;
				CLANG_ENABLE_MODULES = YES;
				CODE_SIGN_IDENTITY = "Developer ID Application";
				CODE_SIGN_STYLE = Manual;
				COMBINE_HIDPI_IMAGES = YES;
				DEVELOPMENT_TEAM = 8U3Y4X5WDQ;
				INFOPLIST_FILE = ZeplinColorPicker/Info.plist;
				INSTALL_PATH = "$(LOCAL_LIBRARY_DIR)/Bundles";
				LD_RUNPATH_SEARCH_PATHS = (
					"$(inherited)",
					"@executable_path/../Frameworks",
					"@loader_path/../Frameworks",
				);
				MACOSX_DEPLOYMENT_TARGET = 10.12;
				PRODUCT_BUNDLE_IDENTIFIER = io.zeplin.osx.colorPicker;
				PRODUCT_NAME = "$(TARGET_NAME)";
				PROVISIONING_PROFILE_SPECIFIER = "";
				SKIP_INSTALL = YES;
				SWIFT_VERSION = 5.0;
				WRAPPER_EXTENSION = colorPicker;
			};
			name = Release;
		};
/* End XCBuildConfiguration section */

/* Begin XCConfigurationList section */
		A488BE7C22F2FCD300A06F1E /* Build configuration list for PBXProject "ZeplinColorPicker" */ = {
			isa = XCConfigurationList;
			buildConfigurations = (
				A488BE8522F2FCD300A06F1E /* Debug */,
				A488BE8622F2FCD300A06F1E /* Release */,
			);
			defaultConfigurationIsVisible = 0;
			defaultConfigurationName = Release;
		};
		A488BE8722F2FCD300A06F1E /* Build configuration list for PBXNativeTarget "ZeplinColorPicker" */ = {
			isa = XCConfigurationList;
			buildConfigurations = (
				A488BE8822F2FCD300A06F1E /* Debug */,
				A488BE8922F2FCD300A06F1E /* Release */,
			);
			defaultConfigurationIsVisible = 0;
			defaultConfigurationName = Release;
		};
/* End XCConfigurationList section */
	};
	rootObject = A488BE7922F2FCD300A06F1E /* Project object */;
}
